
Microsoft Visual Studio Solution File, Format Version 12.00
# Visual Studio Version 17
VisualStudioVersion = 17.3.32929.385
MinimumVisualStudioVersion = 10.0.40219.1
Project("{FAE04EC0-301F-11D3-BF4B-00C04F79EFBC}") = "CvViewerProject", "CvViewerProject\CvViewerProject.csproj", "{EBD923EA-8638-40AC-8889-033F972B1892}"
EndProject
Global
	GlobalSection(SolutionConfigurationPlatforms) = preSolution
		Debug|Any CPU = Debug|Any CPU
		Release|Any CPU = Release|Any CPU
	EndGlobalSection
	GlobalSection(ProjectConfigurationPlatforms) = postSolution
		{EBD923EA-8638-40AC-8889-033F972B1892}.Debug|Any CPU.ActiveCfg = Debug|Any CPU
		{EBD923EA-8638-40AC-8889-033F972B1892}.Debug|Any CPU.Build.0 = Debug|Any CPU
		{EBD923EA-8638-40AC-8889-033F972B1892}.Release|Any CPU.ActiveCfg = Release|Any CPU
		{EBD923EA-8638-40AC-8889-033F972B1892}.Release|Any CPU.Build.0 = Release|Any CPU
	EndGlobalSection
	GlobalSection(SolutionProperties) = preSolution
		HideSolutionNode = FALSE
	EndGlobalSection
	GlobalSection(ExtensibilityGlobals) = postSolution
		SolutionGuid = {A3458101-87CF-486E-A08C-3BC6D28E5054}
	EndGlobalSection
EndGlobal
